
Microsoft Visual Studio Solution File, Format Version 12.00
# Visual Studio Version 16
VisualStudioVersion = 16.0.29025.244
MinimumVisualStudioVersion = 10.0.40219.1
Project("{FAE04EC0-301F-11D3-BF4B-00C04F79EFBC}") = "SubtitleConverter", "SubtitleConverter\SubtitleConverter.csproj", "{1D5DF848-A1E8-4F4A-8A90-2B361F45ADCD}"
EndProject
Global
	GlobalSection(SolutionConfigurationPlatforms) = preSolution
		Debug|Any CPU = Debug|Any CPU
		Release|Any CPU = Release|Any CPU
	EndGlobalSection
	GlobalSection(ProjectConfigurationPlatforms) = postSolution
		{1D5DF848-A1E8-4F4A-8A90-2B361F45ADCD}.Debug|Any CPU.ActiveCfg = Debug|Any CPU
		{1D5DF848-A1E8-4F4A-8A90-2B361F45ADCD}.Debug|Any CPU.Build.0 = Debug|Any CPU
		{1D5DF848-A1E8-4F4A-8A90-2B361F45ADCD}.Release|Any CPU.ActiveCfg = Release|Any CPU
		{1D5DF848-A1E8-4F4A-8A90-2B361F45ADCD}.Release|Any CPU.Build.0 = Release|Any CPU
	EndGlobalSection
	GlobalSection(SolutionProperties) = preSolution
		HideSolutionNode = FALSE
	EndGlobalSection
	GlobalSection(ExtensibilityGlobals) = postSolution
		SolutionGuid = {AC62E1C7-5414-4E80-A7F3-5E3FA74DD41B}
	EndGlobalSection
EndGlobal
